PODS:
  - Alamofire (4.8.1)
  - Kingfisher (5.3.0)
  - RxAlamofire (4.3.0):
    - RxAlamofire/Core (= 4.3.0)
  - RxAlamofire/Core (4.3.0):
    - Alamofire (~> 4.5)
    - RxSwift (~> 4)
  - RxAtomic (4.4.2)
  - RxCocoa (4.4.2):
    - RxSwift (>= 4.4.2, ~> 4.4)
  - RxSwift (4.4.2):
    - RxAtomic (>= 4.4.2, ~> 4.4)
  - RxSwiftUtilities (2.1.0):
    - RxCocoa (~> 4.0)
    - RxSwift (~> 4.0)

DEPENDENCIES:
  - Alamofire
  - Kingfisher
  - RxAlamofire
  - RxCocoa
  - RxSwift
  - RxSwiftUtilities

SPEC REPOS:
  https://github.com/cocoapods/specs.git:
    - Alamofire
    - Kingfisher
    - RxAlamofire
    - RxAtomic
    - RxCocoa
    - RxSwift
    - RxSwiftUtilities

SPEC CHECKSUMS:
  Alamofire: 16ce2c353fb72865124ddae8a57c5942388f4f11
  Kingfisher: 4692c783ffb99e9e2e40a6eb3e518c3b96c6fa8c
  RxAlamofire: 09624d0f2d48ed8b686e4eb4cf68e28cbd2df556
  RxAtomic: d00e97c10db88c6f08540e0bf2752fc5a2404167
  RxCocoa: 477990dc3b4c3ff55fb0ac77e1cc06244e0aaec8
  RxSwift: 74c29b693c8e42b0f64400e8b06564575742d649
  RxSwiftUtilities: b486df7454cc867c3ea626ce24110511159e7044

PODFILE CHECKSUM: 61d7ceb66f61d9231cd233a7d413f02902ab2181

COCOAPODS: 1.6.0.rc.2
